
Microsoft Visual Studio Solution File, Format Version 12.00
# Visual Studio 14
VisualStudioVersion = 14.0.25420.1
MinimumVisualStudioVersion = 10.0.40219.1
Project("{FAE04EC0-301F-11D3-BF4B-00C04F79EFBC}") = "CustomList", "CustomList\CustomList.csproj", "{C51FADE3-BEAF-455A-8518-CDF638A100B6}"
EndProject
Project("{FAE04EC0-301F-11D3-BF4B-00C04F79EFBC}") = "ListTesting", "ListTesting\ListTesting.csproj", "{576CC07F-AA1D-4CFF-9149-02E457F0928D}"
EndProject
Global
	GlobalSection(SolutionConfigurationPlatforms) = preSolution
		Debug|Any CPU = Debug|Any CPU
		Release|Any CPU = Release|Any CPU
	EndGlobalSection
	GlobalSection(ProjectConfigurationPlatforms) = postSolution
		{C51FADE3-BEAF-455A-8518-CDF638A100B6}.Debug|Any CPU.ActiveCfg = Debug|Any CPU
		{C51FADE3-BEAF-455A-8518-CDF638A100B6}.Debug|Any CPU.Build.0 = Debug|Any CPU
		{C51FADE3-BEAF-455A-8518-CDF638A100B6}.Release|Any CPU.ActiveCfg = Release|Any CPU
		{C51FADE3-BEAF-455A-8518-CDF638A100B6}.Release|Any CPU.Build.0 = Release|Any CPU
		{576CC07F-AA1D-4CFF-9149-02E457F0928D}.Debug|Any CPU.ActiveCfg = Debug|Any CPU
		{576CC07F-AA1D-4CFF-9149-02E457F0928D}.Debug|Any CPU.Build.0 = Debug|Any CPU
		{576CC07F-AA1D-4CFF-9149-02E457F0928D}.Release|Any CPU.ActiveCfg = Release|Any CPU
		{576CC07F-AA1D-4CFF-9149-02E457F0928D}.Release|Any CPU.Build.0 = Release|Any CPU
	EndGlobalSection
	GlobalSection(SolutionProperties) = preSolution
		HideSolutionNode = FALSE
	EndGlobalSection
EndGlobal
